
Microsoft Visual Studio Solution File, Format Version 12.00
# Visual Studio Version 16
VisualStudioVersion = 16.0.31624.102
MinimumVisualStudioVersion = 10.0.40219.1
Project("{FAE04EC0-301F-11D3-BF4B-00C04F79EFBC}") = "Manege_of_AutoDiscrimation", "Manege_of_AutoDiscrimation\Manege_of_AutoDiscrimation.csproj", "{067AC266-CE04-4699-8D64-2D95DE8863DF}"
EndProject
Project("{FAE04EC0-301F-11D3-BF4B-00C04F79EFBC}") = "CameraControl", "CameraControl\CameraControl.csproj", "{356BE3C9-BBB4-454D-9BD7-71F10F5B1DC6}"
EndProject
Project("{FAE04EC0-301F-11D3-BF4B-00C04F79EFBC}") = "LogBase", "LogBase\LogBase.csproj", "{7E9972C6-76C2-42D5-9203-77C6E4B24608}"
EndProject
Project("{FAE04EC0-301F-11D3-BF4B-00C04F79EFBC}") = "ParamBase", "ParamBase\ParamBase.csproj", "{0A0271B2-ED36-4ACF-A8E8-A9611AE595A0}"
EndProject
Project("{FAE04EC0-301F-11D3-BF4B-00C04F79EFBC}") = "ImageMatrox", "ImageMatrox\ImageMatrox.csproj", "{BC35A99D-16AC-4FCE-93C1-161866A1D7CF}"
EndProject
Global
	GlobalSection(SolutionConfigurationPlatforms) = preSolution
		Debug|Any CPU = Debug|Any CPU
		Debug|x64 = Debug|x64
		Debug|x86 = Debug|x86
		Release|Any CPU = Release|Any CPU
		Release|x64 = Release|x64
		Release|x86 = Release|x86
	EndGlobalSection
	GlobalSection(ProjectConfigurationPlatforms) = postSolution
		{067AC266-CE04-4699-8D64-2D95DE8863DF}.Debug|Any CPU.ActiveCfg = Debug|Any CPU
		{067AC266-CE04-4699-8D64-2D95DE8863DF}.Debug|Any CPU.Build.0 = Debug|Any CPU
		{067AC266-CE04-4699-8D64-2D95DE8863DF}.Debug|x64.ActiveCfg = Debug|x64
		{067AC266-CE04-4699-8D64-2D95DE8863DF}.Debug|x64.Build.0 = Debug|x64
		{067AC266-CE04-4699-8D64-2D95DE8863DF}.Debug|x86.ActiveCfg = Debug|Any CPU
		{067AC266-CE04-4699-8D64-2D95DE8863DF}.Debug|x86.Build.0 = Debug|Any CPU
		{067AC266-CE04-4699-8D64-2D95DE8863DF}.Release|Any CPU.ActiveCfg = Release|Any CPU
		{067AC266-CE04-4699-8D64-2D95DE8863DF}.Release|Any CPU.Build.0 = Release|Any CPU
		{067AC266-CE04-4699-8D64-2D95DE8863DF}.Release|x64.ActiveCfg = Release|x64
		{067AC266-CE04-4699-8D64-2D95DE8863DF}.Release|x64.Build.0 = Release|x64
		{067AC266-CE04-4699-8D64-2D95DE8863DF}.Release|x86.ActiveCfg = Release|Any CPU
		{067AC266-CE04-4699-8D64-2D95DE8863DF}.Release|x86.Build.0 = Release|Any CPU
		{356BE3C9-BBB4-454D-9BD7-71F10F5B1DC6}.Debug|Any CPU.ActiveCfg = Debug|Any CPU
		{356BE3C9-BBB4-454D-9BD7-71F10F5B1DC6}.Debug|x64.ActiveCfg = Debug|x64
		{356BE3C9-BBB4-454D-9BD7-71F10F5B1DC6}.Debug|x64.Build.0 = Debug|x64
		{356BE3C9-BBB4-454D-9BD7-71F10F5B1DC6}.Debug|x86.ActiveCfg = Debug|Any CPU
		{356BE3C9-BBB4-454D-9BD7-71F10F5B1DC6}.Debug|x86.Build.0 = Debug|Any CPU
		{356BE3C9-BBB4-454D-9BD7-71F10F5B1DC6}.Release|Any CPU.ActiveCfg = Release|Any CPU
		{356BE3C9-BBB4-454D-9BD7-71F10F5B1DC6}.Release|Any CPU.Build.0 = Release|Any CPU
		{356BE3C9-BBB4-454D-9BD7-71F10F5B1DC6}.Release|x64.ActiveCfg = Release|x64
		{356BE3C9-BBB4-454D-9BD7-71F10F5B1DC6}.Release|x64.Build.0 = Release|x64
		{356BE3C9-BBB4-454D-9BD7-71F10F5B1DC6}.Release|x86.ActiveCfg = Release|Any CPU
		{356BE3C9-BBB4-454D-9BD7-71F10F5B1DC6}.Release|x86.Build.0 = Release|Any CPU
		{7E9972C6-76C2-42D5-9203-77C6E4B24608}.Debug|Any CPU.ActiveCfg = Debug|Any CPU
		{7E9972C6-76C2-42D5-9203-77C6E4B24608}.Debug|x64.ActiveCfg = Debug|x64
		{7E9972C6-76C2-42D5-9203-77C6E4B24608}.Debug|x64.Build.0 = Debug|x64
		{7E9972C6-76C2-42D5-9203-77C6E4B24608}.Debug|x86.ActiveCfg = Debug|x64
		{7E9972C6-76C2-42D5-9203-77C6E4B24608}.Release|Any CPU.ActiveCfg = Release|x64
		{7E9972C6-76C2-42D5-9203-77C6E4B24608}.Release|x64.ActiveCfg = Release|x64
		{7E9972C6-76C2-42D5-9203-77C6E4B24608}.Release|x64.Build.0 = Release|x64
		{7E9972C6-76C2-42D5-9203-77C6E4B24608}.Release|x86.ActiveCfg = Release|x64
		{0A0271B2-ED36-4ACF-A8E8-A9611AE595A0}.Debug|Any CPU.ActiveCfg = Debug|Any CPU
		{0A0271B2-ED36-4ACF-A8E8-A9611AE595A0}.Debug|x64.ActiveCfg = Debug|x64
		{0A0271B2-ED36-4ACF-A8E8-A9611AE595A0}.Debug|x64.Build.0 = Debug|x64
		{0A0271B2-ED36-4ACF-A8E8-A9611AE595A0}.Debug|x86.ActiveCfg = Debug|x64
		{0A0271B2-ED36-4ACF-A8E8-A9611AE595A0}.Release|Any CPU.ActiveCfg = Release|x64
		{0A0271B2-ED36-4ACF-A8E8-A9611AE595A0}.Release|x64.ActiveCfg = Release|x64
		{0A0271B2-ED36-4ACF-A8E8-A9611AE595A0}.Release|x64.Build.0 = Release|x64
		{0A0271B2-ED36-4ACF-A8E8-A9611AE595A0}.Release|x86.ActiveCfg = Release|x64
		{BC35A99D-16AC-4FCE-93C1-161866A1D7CF}.Debug|Any CPU.ActiveCfg = Debug|Any CPU
		{BC35A99D-16AC-4FCE-93C1-161866A1D7CF}.Debug|x64.ActiveCfg = Debug|x64
		{BC35A99D-16AC-4FCE-93C1-161866A1D7CF}.Debug|x64.Build.0 = Debug|x64
		{BC35A99D-16AC-4FCE-93C1-161866A1D7CF}.Debug|x86.ActiveCfg = Debug|Any CPU
		{BC35A99D-16AC-4FCE-93C1-161866A1D7CF}.Debug|x86.Build.0 = Debug|Any CPU
		{BC35A99D-16AC-4FCE-93C1-161866A1D7CF}.Release|Any CPU.ActiveCfg = Release|Any CPU
		{BC35A99D-16AC-4FCE-93C1-161866A1D7CF}.Release|Any CPU.Build.0 = Release|Any CPU
		{BC35A99D-16AC-4FCE-93C1-161866A1D7CF}.Release|x64.ActiveCfg = Release|x64
		{BC35A99D-16AC-4FCE-93C1-161866A1D7CF}.Release|x64.Build.0 = Release|x64
		{BC35A99D-16AC-4FCE-93C1-161866A1D7CF}.Release|x86.ActiveCfg = Release|Any CPU
		{BC35A99D-16AC-4FCE-93C1-161866A1D7CF}.Release|x86.Build.0 = Release|Any CPU
	EndGlobalSection
	GlobalSection(SolutionProperties) = preSolution
		HideSolutionNode = FALSE
	EndGlobalSection
	GlobalSection(ExtensibilityGlobals) = postSolution
		SolutionGuid = {5F40CF73-820A-48E4-8242-C9A41DF12FB8}
	EndGlobalSection
EndGlobal
